
Microsoft Visual Studio Solution File, Format Version 12.00
# Visual Studio 15
VisualStudioVersion = 15.0.28307.168
MinimumVisualStudioVersion = 10.0.40219.1
Project("{9A19103F-16F7-4668-BE54-9A1E7A4F7556}") = "dayXX", "dayXX\dayXX.csproj", "{B805F695-2232-4100-9512-B652F1F262C1}"
EndProject
Project("{9A19103F-16F7-4668-BE54-9A1E7A4F7556}") = "day01", "day01\day01.csproj", "{6383D05D-E57C-4DED-92DB-06D1198C8786}"
EndProject
Project("{9A19103F-16F7-4668-BE54-9A1E7A4F7556}") = "test", "test\test.csproj", "{E934DDBE-EE82-48CE-B675-A0964400BC62}"
	ProjectSection(ProjectDependencies) = postProject
		{6383D05D-E57C-4DED-92DB-06D1198C8786} = {6383D05D-E57C-4DED-92DB-06D1198C8786}
		{B805F695-2232-4100-9512-B652F1F262C1} = {B805F695-2232-4100-9512-B652F1F262C1}
	EndProjectSection
EndProject
Project("{9A19103F-16F7-4668-BE54-9A1E7A4F7556}") = "day02", "day02\day02.csproj", "{E8AB0641-FC93-49E9-BD99-5EB52ABC3A60}"
EndProject
Project("{9A19103F-16F7-4668-BE54-9A1E7A4F7556}") = "day03", "day03\day03.csproj", "{42A0CE10-F480-44E0-BAAE-DB92D9EA3B97}"
EndProject
Project("{9A19103F-16F7-4668-BE54-9A1E7A4F7556}") = "day04", "day04\day04.csproj", "{9945942A-9EDE-47B3-AF50-1E2BE652C92F}"
EndProject
Project("{9A19103F-16F7-4668-BE54-9A1E7A4F7556}") = "day05", "day05\day05.csproj", "{8401DBBA-6D39-4B78-9439-DA18F000015A}"
EndProject
Project("{9A19103F-16F7-4668-BE54-9A1E7A4F7556}") = "day06", "day06\day06.csproj", "{9263AC2E-D906-4BB5-8CD7-C152DDF8CD95}"
EndProject
Project("{9A19103F-16F7-4668-BE54-9A1E7A4F7556}") = "day07", "day07\day07.csproj", "{7B49FFC8-B1E3-464F-8C01-6143761A4AD0}"
EndProject
Project("{9A19103F-16F7-4668-BE54-9A1E7A4F7556}") = "day08", "day08\day08.csproj", "{CC780056-3E84-4665-A72C-4E4B1C769D86}"
EndProject
Project("{9A19103F-16F7-4668-BE54-9A1E7A4F7556}") = "day09", "day09\day09.csproj", "{BABDC577-DB0C-4D51-8BC7-387684596482}"
EndProject
Project("{9A19103F-16F7-4668-BE54-9A1E7A4F7556}") = "day10", "day10\day10.csproj", "{76528255-1ABC-4B53-9A10-543F314584F1}"
EndProject
Project("{9A19103F-16F7-4668-BE54-9A1E7A4F7556}") = "day11", "day11\day11.csproj", "{83703312-EAC3-4866-AD3F-C3B561F06C3C}"
EndProject
Project("{FAE04EC0-301F-11D3-BF4B-00C04F79EFBC}") = "day12", "day12\day12.csproj", "{5B46DF98-BECD-4024-83B9-853FA22AFE20}"
EndProject
Project("{FAE04EC0-301F-11D3-BF4B-00C04F79EFBC}") = "day13", "day13\day13.csproj", "{922A0460-6843-4D01-A32D-0B0209D18D51}"
EndProject
Project("{FAE04EC0-301F-11D3-BF4B-00C04F79EFBC}") = "day14", "day14\day14.csproj", "{7F6A2960-16DD-4799-A1AF-C0071A3660F5}"
EndProject
Project("{FAE04EC0-301F-11D3-BF4B-00C04F79EFBC}") = "day15", "day15\day15.csproj", "{4275CE63-FAC6-4040-BC03-AAA9744924B0}"
EndProject
Project("{FAE04EC0-301F-11D3-BF4B-00C04F79EFBC}") = "day16", "day16\day16.csproj", "{F9D87D57-7C68-4D58-9BF3-DBC2186FE641}"
EndProject
Project("{FAE04EC0-301F-11D3-BF4B-00C04F79EFBC}") = "day17", "day17\day17.csproj", "{F087C136-56D6-40FF-8D52-D1FBB11E80D6}"
EndProject
Project("{FAE04EC0-301F-11D3-BF4B-00C04F79EFBC}") = "day18", "day18\day18.csproj", "{532CE50B-3F1A-4FA7-84DE-1CC17DA1BA0B}"
EndProject
Global
	GlobalSection(SolutionConfigurationPlatforms) = preSolution
		Debug|Any CPU = Debug|Any CPU
		Release|Any CPU = Release|Any CPU
	EndGlobalSection
	GlobalSection(ProjectConfigurationPlatforms) = postSolution
		{B805F695-2232-4100-9512-B652F1F262C1}.Debug|Any CPU.ActiveCfg = Debug|Any CPU
		{B805F695-2232-4100-9512-B652F1F262C1}.Debug|Any CPU.Build.0 = Debug|Any CPU
		{B805F695-2232-4100-9512-B652F1F262C1}.Release|Any CPU.ActiveCfg = Release|Any CPU
		{B805F695-2232-4100-9512-B652F1F262C1}.Release|Any CPU.Build.0 = Release|Any CPU
		{6383D05D-E57C-4DED-92DB-06D1198C8786}.Debug|Any CPU.ActiveCfg = Debug|Any CPU
		{6383D05D-E57C-4DED-92DB-06D1198C8786}.Debug|Any CPU.Build.0 = Debug|Any CPU
		{6383D05D-E57C-4DED-92DB-06D1198C8786}.Release|Any CPU.ActiveCfg = Release|Any CPU
		{6383D05D-E57C-4DED-92DB-06D1198C8786}.Release|Any CPU.Build.0 = Release|Any CPU
		{E934DDBE-EE82-48CE-B675-A0964400BC62}.Debug|Any CPU.ActiveCfg = Debug|Any CPU
		{E934DDBE-EE82-48CE-B675-A0964400BC62}.Debug|Any CPU.Build.0 = Debug|Any CPU
		{E934DDBE-EE82-48CE-B675-A0964400BC62}.Release|Any CPU.ActiveCfg = Release|Any CPU
		{E934DDBE-EE82-48CE-B675-A0964400BC62}.Release|Any CPU.Build.0 = Release|Any CPU
		{E8AB0641-FC93-49E9-BD99-5EB52ABC3A60}.Debug|Any CPU.ActiveCfg = Debug|Any CPU
		{E8AB0641-FC93-49E9-BD99-5EB52ABC3A60}.Debug|Any CPU.Build.0 = Debug|Any CPU
		{E8AB0641-FC93-49E9-BD99-5EB52ABC3A60}.Release|Any CPU.ActiveCfg = Release|Any CPU
		{E8AB0641-FC93-49E9-BD99-5EB52ABC3A60}.Release|Any CPU.Build.0 = Release|Any CPU
		{42A0CE10-F480-44E0-BAAE-DB92D9EA3B97}.Debug|Any CPU.ActiveCfg = Debug|Any CPU
		{42A0CE10-F480-44E0-BAAE-DB92D9EA3B97}.Debug|Any CPU.Build.0 = Debug|Any CPU
		{42A0CE10-F480-44E0-BAAE-DB92D9EA3B97}.Release|Any CPU.ActiveCfg = Release|Any CPU
		{42A0CE10-F480-44E0-BAAE-DB92D9EA3B97}.Release|Any CPU.Build.0 = Release|Any CPU
		{9945942A-9EDE-47B3-AF50-1E2BE652C92F}.Debug|Any CPU.ActiveCfg = Debug|Any CPU
		{9945942A-9EDE-47B3-AF50-1E2BE652C92F}.Debug|Any CPU.Build.0 = Debug|Any CPU
		{9945942A-9EDE-47B3-AF50-1E2BE652C92F}.Release|Any CPU.ActiveCfg = Release|Any CPU
		{9945942A-9EDE-47B3-AF50-1E2BE652C92F}.Release|Any CPU.Build.0 = Release|Any CPU
		{8401DBBA-6D39-4B78-9439-DA18F000015A}.Debug|Any CPU.ActiveCfg = Debug|Any CPU
		{8401DBBA-6D39-4B78-9439-DA18F000015A}.Debug|Any CPU.Build.0 = Debug|Any CPU
		{8401DBBA-6D39-4B78-9439-DA18F000015A}.Release|Any CPU.ActiveCfg = Release|Any CPU
		{8401DBBA-6D39-4B78-9439-DA18F000015A}.Release|Any CPU.Build.0 = Release|Any CPU
		{9263AC2E-D906-4BB5-8CD7-C152DDF8CD95}.Debug|Any CPU.ActiveCfg = Debug|Any CPU
		{9263AC2E-D906-4BB5-8CD7-C152DDF8CD95}.Debug|Any CPU.Build.0 = Debug|Any CPU
		{9263AC2E-D906-4BB5-8CD7-C152DDF8CD95}.Release|Any CPU.ActiveCfg = Release|Any CPU
		{9263AC2E-D906-4BB5-8CD7-C152DDF8CD95}.Release|Any CPU.Build.0 = Release|Any CPU
		{7B49FFC8-B1E3-464F-8C01-6143761A4AD0}.Debug|Any CPU.ActiveCfg = Debug|Any CPU
		{7B49FFC8-B1E3-464F-8C01-6143761A4AD0}.Debug|Any CPU.Build.0 = Debug|Any CPU
		{7B49FFC8-B1E3-464F-8C01-6143761A4AD0}.Release|Any CPU.ActiveCfg = Release|Any CPU
		{7B49FFC8-B1E3-464F-8C01-6143761A4AD0}.Release|Any CPU.Build.0 = Release|Any CPU
		{CC780056-3E84-4665-A72C-4E4B1C769D86}.Debug|Any CPU.ActiveCfg = Debug|Any CPU
		{CC780056-3E84-4665-A72C-4E4B1C769D86}.Debug|Any CPU.Build.0 = Debug|Any CPU
		{CC780056-3E84-4665-A72C-4E4B1C769D86}.Release|Any CPU.ActiveCfg = Release|Any CPU
		{CC780056-3E84-4665-A72C-4E4B1C769D86}.Release|Any CPU.Build.0 = Release|Any CPU
		{BABDC577-DB0C-4D51-8BC7-387684596482}.Debug|Any CPU.ActiveCfg = Debug|Any CPU
		{BABDC577-DB0C-4D51-8BC7-387684596482}.Debug|Any CPU.Build.0 = Debug|Any CPU
		{BABDC577-DB0C-4D51-8BC7-387684596482}.Release|Any CPU.ActiveCfg = Release|Any CPU
		{BABDC577-DB0C-4D51-8BC7-387684596482}.Release|Any CPU.Build.0 = Release|Any CPU
		{76528255-1ABC-4B53-9A10-543F314584F1}.Debug|Any CPU.ActiveCfg = Debug|Any CPU
		{76528255-1ABC-4B53-9A10-543F314584F1}.Debug|Any CPU.Build.0 = Debug|Any CPU
		{76528255-1ABC-4B53-9A10-543F314584F1}.Release|Any CPU.ActiveCfg = Release|Any CPU
		{76528255-1ABC-4B53-9A10-543F314584F1}.Release|Any CPU.Build.0 = Release|Any CPU
		{83703312-EAC3-4866-AD3F-C3B561F06C3C}.Debug|Any CPU.ActiveCfg = Debug|Any CPU
		{83703312-EAC3-4866-AD3F-C3B561F06C3C}.Debug|Any CPU.Build.0 = Debug|Any CPU
		{83703312-EAC3-4866-AD3F-C3B561F06C3C}.Release|Any CPU.ActiveCfg = Release|Any CPU
		{83703312-EAC3-4866-AD3F-C3B561F06C3C}.Release|Any CPU.Build.0 = Release|Any CPU
		{5B46DF98-BECD-4024-83B9-853FA22AFE20}.Debug|Any CPU.ActiveCfg = Debug|Any CPU
		{5B46DF98-BECD-4024-83B9-853FA22AFE20}.Debug|Any CPU.Build.0 = Debug|Any CPU
		{5B46DF98-BECD-4024-83B9-853FA22AFE20}.Release|Any CPU.ActiveCfg = Release|Any CPU
		{5B46DF98-BECD-4024-83B9-853FA22AFE20}.Release|Any CPU.Build.0 = Release|Any CPU
		{922A0460-6843-4D01-A32D-0B0209D18D51}.Debug|Any CPU.ActiveCfg = Debug|Any CPU
		{922A0460-6843-4D01-A32D-0B0209D18D51}.Debug|Any CPU.Build.0 = Debug|Any CPU
		{922A0460-6843-4D01-A32D-0B0209D18D51}.Release|Any CPU.ActiveCfg = Release|Any CPU
		{922A0460-6843-4D01-A32D-0B0209D18D51}.Release|Any CPU.Build.0 = Release|Any CPU
		{7F6A2960-16DD-4799-A1AF-C0071A3660F5}.Debug|Any CPU.ActiveCfg = Debug|Any CPU
		{7F6A2960-16DD-4799-A1AF-C0071A3660F5}.Debug|Any CPU.Build.0 = Debug|Any CPU
		{7F6A2960-16DD-4799-A1AF-C0071A3660F5}.Release|Any CPU.ActiveCfg = Release|Any CPU
		{7F6A2960-16DD-4799-A1AF-C0071A3660F5}.Release|Any CPU.Build.0 = Release|Any CPU
		{4275CE63-FAC6-4040-BC03-AAA9744924B0}.Debug|Any CPU.ActiveCfg = Debug|Any CPU
		{4275CE63-FAC6-4040-BC03-AAA9744924B0}.Debug|Any CPU.Build.0 = Debug|Any CPU
		{4275CE63-FAC6-4040-BC03-AAA9744924B0}.Release|Any CPU.ActiveCfg = Release|Any CPU
		{4275CE63-FAC6-4040-BC03-AAA9744924B0}.Release|Any CPU.Build.0 = Release|Any CPU
		{F9D87D57-7C68-4D58-9BF3-DBC2186FE641}.Debug|Any CPU.ActiveCfg = Debug|Any CPU
		{F9D87D57-7C68-4D58-9BF3-DBC2186FE641}.Debug|Any CPU.Build.0 = Debug|Any CPU
		{F9D87D57-7C68-4D58-9BF3-DBC2186FE641}.Release|Any CPU.ActiveCfg = Release|Any CPU
		{F9D87D57-7C68-4D58-9BF3-DBC2186FE641}.Release|Any CPU.Build.0 = Release|Any CPU
		{F087C136-56D6-40FF-8D52-D1FBB11E80D6}.Debug|Any CPU.ActiveCfg = Debug|Any CPU
		{F087C136-56D6-40FF-8D52-D1FBB11E80D6}.Debug|Any CPU.Build.0 = Debug|Any CPU
		{F087C136-56D6-40FF-8D52-D1FBB11E80D6}.Release|Any CPU.ActiveCfg = Release|Any CPU
		{F087C136-56D6-40FF-8D52-D1FBB11E80D6}.Release|Any CPU.Build.0 = Release|Any CPU
		{532CE50B-3F1A-4FA7-84DE-1CC17DA1BA0B}.Debug|Any CPU.ActiveCfg = Debug|Any CPU
		{532CE50B-3F1A-4FA7-84DE-1CC17DA1BA0B}.Debug|Any CPU.Build.0 = Debug|Any CPU
		{532CE50B-3F1A-4FA7-84DE-1CC17DA1BA0B}.Release|Any CPU.ActiveCfg = Release|Any CPU
		{532CE50B-3F1A-4FA7-84DE-1CC17DA1BA0B}.Release|Any CPU.Build.0 = Release|Any CPU
	EndGlobalSection
	GlobalSection(SolutionProperties) = preSolution
		HideSolutionNode = FALSE
	EndGlobalSection
	GlobalSection(ExtensibilityGlobals) = postSolution
		SolutionGuid = {692BFA43-9714-4D6A-881D-EF01CF437EA6}
	EndGlobalSection
EndGlobal
