
Microsoft Visual Studio Solution File, Format Version 12.00
# Visual Studio 15
VisualStudioVersion = 15.0.28307.168
MinimumVisualStudioVersion = 10.0.40219.1
Project("{9A19103F-16F7-4668-BE54-9A1E7A4F7556}") = "dayXX", "dayXX\dayXX.csproj", "{B805F695-2232-4100-9512-B652F1F262C1}"
EndProject
Project("{9A19103F-16F7-4668-BE54-9A1E7A4F7556}") = "day01", "day01\day01.csproj", "{6383D05D-E57C-4DED-92DB-06D1198C8786}"
EndProject
Project("{9A19103F-16F7-4668-BE54-9A1E7A4F7556}") = "test", "test\test.csproj", "{E934DDBE-EE82-48CE-B675-A0964400BC62}"
	ProjectSection(ProjectDependencies) = postProject
		{6383D05D-E57C-4DED-92DB-06D1198C8786} = {6383D05D-E57C-4DED-92DB-06D1198C8786}
		{B805F695-2232-4100-9512-B652F1F262C1} = {B805F695-2232-4100-9512-B652F1F262C1}
	EndProjectSection
EndProject
Project("{FAE04EC0-301F-11D3-BF4B-00C04F79EFBC}") = "day02", "day02\day02.csproj", "{E8AB0641-FC93-49E9-BD99-5EB52ABC3A60}"
EndProject
Project("{FAE04EC0-301F-11D3-BF4B-00C04F79EFBC}") = "day03", "day03\day03.csproj", "{42A0CE10-F480-44E0-BAAE-DB92D9EA3B97}"
EndProject
Project("{FAE04EC0-301F-11D3-BF4B-00C04F79EFBC}") = "day04", "day04\day04.csproj", "{9945942A-9EDE-47B3-AF50-1E2BE652C92F}"
EndProject
Project("{FAE04EC0-301F-11D3-BF4B-00C04F79EFBC}") = "day05", "day05\day05.csproj", "{8401DBBA-6D39-4B78-9439-DA18F000015A}"
EndProject
Global
	GlobalSection(SolutionConfigurationPlatforms) = preSolution
		Debug|Any CPU = Debug|Any CPU
		Release|Any CPU = Release|Any CPU
	EndGlobalSection
	GlobalSection(ProjectConfigurationPlatforms) = postSolution
		{B805F695-2232-4100-9512-B652F1F262C1}.Debug|Any CPU.ActiveCfg = Debug|Any CPU
		{B805F695-2232-4100-9512-B652F1F262C1}.Debug|Any CPU.Build.0 = Debug|Any CPU
		{B805F695-2232-4100-9512-B652F1F262C1}.Release|Any CPU.ActiveCfg = Release|Any CPU
		{B805F695-2232-4100-9512-B652F1F262C1}.Release|Any CPU.Build.0 = Release|Any CPU
		{6383D05D-E57C-4DED-92DB-06D1198C8786}.Debug|Any CPU.ActiveCfg = Debug|Any CPU
		{6383D05D-E57C-4DED-92DB-06D1198C8786}.Debug|Any CPU.Build.0 = Debug|Any CPU
		{6383D05D-E57C-4DED-92DB-06D1198C8786}.Release|Any CPU.ActiveCfg = Release|Any CPU
		{6383D05D-E57C-4DED-92DB-06D1198C8786}.Release|Any CPU.Build.0 = Release|Any CPU
		{E934DDBE-EE82-48CE-B675-A0964400BC62}.Debug|Any CPU.ActiveCfg = Debug|Any CPU
		{E934DDBE-EE82-48CE-B675-A0964400BC62}.Debug|Any CPU.Build.0 = Debug|Any CPU
		{E934DDBE-EE82-48CE-B675-A0964400BC62}.Release|Any CPU.ActiveCfg = Release|Any CPU
		{E934DDBE-EE82-48CE-B675-A0964400BC62}.Release|Any CPU.Build.0 = Release|Any CPU
		{E8AB0641-FC93-49E9-BD99-5EB52ABC3A60}.Debug|Any CPU.ActiveCfg = Debug|Any CPU
		{E8AB0641-FC93-49E9-BD99-5EB52ABC3A60}.Debug|Any CPU.Build.0 = Debug|Any CPU
		{E8AB0641-FC93-49E9-BD99-5EB52ABC3A60}.Release|Any CPU.ActiveCfg = Release|Any CPU
		{E8AB0641-FC93-49E9-BD99-5EB52ABC3A60}.Release|Any CPU.Build.0 = Release|Any CPU
		{42A0CE10-F480-44E0-BAAE-DB92D9EA3B97}.Debug|Any CPU.ActiveCfg = Debug|Any CPU
		{42A0CE10-F480-44E0-BAAE-DB92D9EA3B97}.Debug|Any CPU.Build.0 = Debug|Any CPU
		{42A0CE10-F480-44E0-BAAE-DB92D9EA3B97}.Release|Any CPU.ActiveCfg = Release|Any CPU
		{42A0CE10-F480-44E0-BAAE-DB92D9EA3B97}.Release|Any CPU.Build.0 = Release|Any CPU
		{9945942A-9EDE-47B3-AF50-1E2BE652C92F}.Debug|Any CPU.ActiveCfg = Debug|Any CPU
		{9945942A-9EDE-47B3-AF50-1E2BE652C92F}.Debug|Any CPU.Build.0 = Debug|Any CPU
		{9945942A-9EDE-47B3-AF50-1E2BE652C92F}.Release|Any CPU.ActiveCfg = Release|Any CPU
		{9945942A-9EDE-47B3-AF50-1E2BE652C92F}.Release|Any CPU.Build.0 = Release|Any CPU
		{8401DBBA-6D39-4B78-9439-DA18F000015A}.Debug|Any CPU.ActiveCfg = Debug|Any CPU
		{8401DBBA-6D39-4B78-9439-DA18F000015A}.Debug|Any CPU.Build.0 = Debug|Any CPU
		{8401DBBA-6D39-4B78-9439-DA18F000015A}.Release|Any CPU.ActiveCfg = Release|Any CPU
		{8401DBBA-6D39-4B78-9439-DA18F000015A}.Release|Any CPU.Build.0 = Release|Any CPU
	EndGlobalSection
	GlobalSection(SolutionProperties) = preSolution
		HideSolutionNode = FALSE
	EndGlobalSection
	GlobalSection(ExtensibilityGlobals) = postSolution
		SolutionGuid = {692BFA43-9714-4D6A-881D-EF01CF437EA6}
	EndGlobalSection
EndGlobal
